
Microsoft Visual Studio Solution File, Format Version 12.00
# Visual Studio 2015
Project("{FAE04EC0-301F-11D3-BF4B-00C04F79EFBC}") = "TerraDue.CSharp", "TerraDue.CSharp.csproj", "{7D5267FE-735F-8508-D1D6-66CA85A1CE18}"
EndProject
Project("{FAE04EC0-301F-11D3-BF4B-00C04F79EFBC}") = "TerraDue.CSharp.Editor", "TerraDue.CSharp.Editor.csproj", "{1FD929B0-3FD4-D1DA-09E6-F5F5683CD468}"
EndProject
Global
	GlobalSection(SolutionConfigurationPlatforms) = preSolution
		Debug|Any CPU = Debug|Any CPU
		Release|Any CPU = Release|Any CPU
	EndGlobalSection
	GlobalSection(ProjectConfigurationPlatforms) = postSolution
		{7D5267FE-735F-8508-D1D6-66CA85A1CE18}.Debug|Any CPU.ActiveCfg = Debug|Any CPU
		{7D5267FE-735F-8508-D1D6-66CA85A1CE18}.Debug|Any CPU.Build.0 = Debug|Any CPU
		{7D5267FE-735F-8508-D1D6-66CA85A1CE18}.Release|Any CPU.ActiveCfg = Release|Any CPU
		{7D5267FE-735F-8508-D1D6-66CA85A1CE18}.Release|Any CPU.Build.0 = Release|Any CPU
		{1FD929B0-3FD4-D1DA-09E6-F5F5683CD468}.Debug|Any CPU.ActiveCfg = Debug|Any CPU
		{1FD929B0-3FD4-D1DA-09E6-F5F5683CD468}.Debug|Any CPU.Build.0 = Debug|Any CPU
		{1FD929B0-3FD4-D1DA-09E6-F5F5683CD468}.Release|Any CPU.ActiveCfg = Release|Any CPU
		{1FD929B0-3FD4-D1DA-09E6-F5F5683CD468}.Release|Any CPU.Build.0 = Release|Any CPU
	EndGlobalSection
	GlobalSection(SolutionProperties) = preSolution
		HideSolutionNode = FALSE
	EndGlobalSection
EndGlobal
